// !$*UTF8*$!
{
	archiveVersion = 1;
	classes = {
	};
	objectVersion = 56;
	objects = {

/* Begin PBXBuildFile section */
		19B3A4C52B6A8D8A00F14C56 /* BabyTripApp.swift in Sources */ = {isa = PBXBuildFile; fileRef = 19B3A4C42B6A8D8A00F14C56 /* BabyTripApp.swift */; };
		19B3A4C72B6A8D8B00F14C56 /* SceneDelegate.swift in Sources */ = {isa = PBXBuildFile; fileRef = 19B3A4C62B6A8D8B00F14C56 /* SceneDelegate.swift */; };
		19B3A4C82B6A8D8B00F14C56 /* Info.plist in Resources */ = {isa = PBXBuildFile; fileRef = 19B3A4C92B6A8D8B00F14C56 /* Info.plist */; };
		19B3A4D12B6A8D9D00F14C56 /* HomeView.swift in Sources */ = {isa = PBXBuildFile; fileRef = 19B3A4D02B6A8D9D00F14C56 /* HomeView.swift */; };
		19B3A4D32B6A8DA000F14C56 /* ContentView.swift in Sources */ = {isa = PBXBuildFile; fileRef = 19B3A4D22B6A8DA000F14C56 /* ContentView.swift */; };
		19B3A4D52B6A8DA200F14C56 /* SettingsView.swift in Sources */ = {isa = PBXBuildFile; fileRef = 19B3A4D42B6A8DA200F14C56 /* SettingsView.swift */; };
		19B3A4D72B6A8DA400F14C56 /* SetupProfileView.swift in Sources */ = {isa = PBXBuildFile; fileRef = 19B3A4D62B6A8DA400F14C56 /* SetupProfileView.swift */; };
		19B3A4E12B6A8DB400F14C56 /* BabyTripWatchApp.swift in Sources */ = {isa = PBXBuildFile; fileRef = 19B3A4E02B6A8DB400F14C56 /* BabyTripWatchApp.swift */; };
		19B3A4E32B6A8DB600F14C56 /* ContentView.swift in Sources */ = {isa = PBXBuildFile; fileRef = 19B3A4E22B6A8DB600F14C56 /* ContentView.swift */; };
		19B3A4E42B6A8DB600F14C56 /* Info.plist in Resources */ = {isa = PBXBuildFile; fileRef = 19B3A4E52B6A8DB600F14C56 /* Info.plist */; };
		19B3A4ED2B6A8DC400F14C56 /* RiskEvaluator.swift in Sources */ = {isa = PBXBuildFile; fileRef = 19B3A4EC2B6A8DC400F14C56 /* RiskEvaluator.swift */; };
		19B3A4EF2B6A8DC600F14C56 /* WeatherData.swift in Sources */ = {isa = PBXBuildFile; fileRef = 19B3A4EE2B6A8DC600F14C56 /* WeatherData.swift */; };
		19B3A4F12B6A8DC800F14C56 /* BabyProfile.swift in Sources */ = {isa = PBXBuildFile; fileRef = 19B3A4F02B6A8DC800F14C56 /* BabyProfile.swift */; };
		19B3A4F32B6A8DCA00F14C56 /* EvaluationResult.swift in Sources */ = {isa = PBXBuildFile; fileRef = 19B3A4F22B6A8DCA00F14C56 /* EvaluationResult.swift */; };
		19B3A4F52B6A8DCC00F14C56 /* LocationManager.swift in Sources */ = {isa = PBXBuildFile; fileRef = 19B3A4F42B6A8DCC00F14C56 /* LocationManager.swift */; };
		19B3A4F72B6A8DCE00F14C56 /* WeatherAPIClient.swift in Sources */ = {isa = PBXBuildFile; fileRef = 19B3A4F62B6A8DCE00F14C56 /* WeatherAPIClient.swift */; };
		19B3A4F92B6A8DD000F14C56 /* UserSettings.swift in Sources */ = {isa = PBXBuildFile; fileRef = 19B3A4F82B6A8DD000F14C56 /* UserSettings.swift */; };
/* End PBXBuildFile section */

/* Begin PBXContainerItemProxy section */
		19B3A4C02B6A8D7E00F14C56 = {
			isa = PBXContainerItemProxy;
			containerPortal = 19B3A4B22B6A8D7E00F14C56 /* BabyTrip.xcodeproj */;
			proxyType = 1;
			remoteGlobalIDString = 19B3A4BD2B6A8D7E00F14C56;
			remoteInfo = BabyTrip;
		};
/* End PBXContainerItemProxy section */

/* Begin PBXFileReference section */
		19B3A4AF2B6A8D7E00F14C56 /* BabyTrip.app */ = {isa = PBXFileReference; lastKnownFileType = wrapper.application; path = BabyTrip; sourceTree = BUILT_PRODUCTS_DIR; };
		19B3A4B02B6A8D7E00F14C56 /* BabyTripWatch.app */ = {isa = PBXFileReference; lastKnownFileType = wrapper.application; path = BabyTripWatch; sourceTree = BUILT_PRODUCTS_DIR; };
		19B3A4B12B6A8D7E00F14C56 /* BabyTripShared.framework */ = {isa = PBXFileReference; lastKnownFileType = wrapper.framework; path = BabyTripShared; sourceTree = BUILT_PRODUCTS_DIR; };
		19B3A4C42B6A8D8A00F14C56 /* BabyTripApp.swift */ = {isa = PBXFileReference; lastKnownFileType = sourcecode.swift; path = BabyTrip/App/BabyTripApp.swift; sourceTree = "<group>"; };
		19B3A4C62B6A8D8B00F14C56 /* SceneDelegate.swift */ = {isa = PBXFileReference; lastKnownFileType = sourcecode.swift; path = BabyTrip/App/SceneDelegate.swift; sourceTree = "<group>"; };
		19B3A4C92B6A8D8B00F14C56 /* Info.plist */ = {isa = PBXFileReference; lastKnownFileType = text.plist.xml; path = BabyTrip/Info.plist; sourceTree = "<group>"; };
		19B3A4D02B6A8D9D00F14C56 /* HomeView.swift */ = {isa = PBXFileReference; lastKnownFileType = sourcecode.swift; path = BabyTrip/Views/HomeView.swift; sourceTree = "<group>"; };
		19B3A4D22B6A8DA000F14C56 /* ContentView.swift */ = {isa = PBXFileReference; lastKnownFileType = sourcecode.swift; path = BabyTrip/Views/ContentView.swift; sourceTree = "<group>"; };
		19B3A4D42B6A8DA200F14C56 /* SettingsView.swift */ = {isa = PBXFileReference; lastKnownFileType = sourcecode.swift; path = BabyTrip/Views/SettingsView.swift; sourceTree = "<group>"; };
		19B3A4D62B6A8DA400F14C56 /* SetupProfileView.swift */ = {isa = PBXFileReference; lastKnownFileType = sourcecode.swift; path = BabyTrip/Views/SetupProfileView.swift; sourceTree = "<group>"; };
		19B3A4E02B6A8DB400F14C56 /* BabyTripWatchApp.swift */ = {isa = PBXFileReference; lastKnownFileType = sourcecode.swift; path = BabyTripWatch/BabyTripWatchApp.swift; sourceTree = "<group>"; };
		19B3A4E22B6A8DB600F14C56 /* ContentView.swift */ = {isa = PBXFileReference; lastKnownFileType = sourcecode.swift; path = BabyTripWatch/Views/ContentView.swift; sourceTree = "<group>"; };
		19B3A4E52B6A8DB600F14C56 /* Info.plist */ = {isa = PBXFileReference; lastKnownFileType = text.plist.xml; path = BabyTripWatch/Info.plist; sourceTree = "<group>"; };
		19B3A4EC2B6A8DC400F14C56 /* RiskEvaluator.swift */ = {isa = PBXFileReference; lastKnownFileType = sourcecode.swift; path = BabyTripShared/RiskEvaluation/RiskEvaluator.swift; sourceTree = "<group>"; };
		19B3A4EE2B6A8DC600F14C56 /* WeatherData.swift */ = {isa = PBXFileReference; lastKnownFileType = sourcecode.swift; path = BabyTripShared/RiskEvaluation/WeatherData.swift; sourceTree = "<group>"; };
		19B3A4F02B6A8DC800F14C56 /* BabyProfile.swift */ = {isa = PBXFileReference; lastKnownFileType = sourcecode.swift; path = BabyTripShared/RiskEvaluation/BabyProfile.swift; sourceTree = "<group>"; };
		19B3A4F22B6A8DCA00F14C56 /* EvaluationResult.swift */ = {isa = PBXFileReference; lastKnownFileType = sourcecode.swift; path = BabyTripShared/RiskEvaluation/EvaluationResult.swift; sourceTree = "<group>"; };
		19B3A4F42B6A8DCC00F14C56 /* LocationManager.swift */ = {isa = PBXFileReference; lastKnownFileType = sourcecode.swift; path = BabyTripShared/Location/LocationManager.swift; sourceTree = "<group>"; };
		19B3A4F62B6A8DCE00F14C56 /* WeatherAPIClient.swift */ = {isa = PBXFileReference; lastKnownFileType = sourcecode.swift; path = BabyTripShared/Network/WeatherAPIClient.swift; sourceTree = "<group>"; };
		19B3A4F82B6A8DD000F14C56 /* UserSettings.swift */ = {isa = PBXFileReference; lastKnownFileType = sourcecode.swift; path = BabyTripShared/Storage/UserSettings.swift; sourceTree = "<group>"; };
		19B3A4FA2B6A8DD000F14C56 /* README.md */ = {isa = PBXFileReference; lastKnownFileType = text; path = README.md; sourceTree = "<group>"; };
/* End PBXFileReference section */

/* Begin PBXFrameworksBuildPhase section */
		19B3A4B72B6A8D7E00F14C56 /* Frameworks */ = {
			isa = PBXFrameworksBuildPhase;
			buildActionMask = 2147483647;
			files = (
			);
			runOnlyForDeploymentPostprocessing = 0;
		};
		19B3A4C12B6A8D7E00F14C56 /* Frameworks */ = {
			isa = PBXFrameworksBuildPhase;
			buildActionMask = 2147483647;
			files = (
			);
			runOnlyForDeploymentPostprocessing = 0;
		};
		19B3A4CB2B6A8DC000F14C56 /* Frameworks */ = {
			isa = PBXFrameworksBuildPhase;
			buildActionMask = 2147483647;
			files = (
			);
			runOnlyForDeploymentPostprocessing = 0;
		};
/* End PBXFrameworksBuildPhase section */

/* Begin PBXGroup section */
		19B3A4A52B6A8D7E00F14C56 = {
			isa = PBXGroup;
			children = (
				19B3A4A62B6A8D7E00F14C56 /* BabyTrip */,
				19B3A4AA2B6A8D7E00F14C56 /* BabyTripWatch */,
				19B3A4AB2B6A8D7E00F14C56 /* BabyTripShared */,
				19B3A4AD2B6A8D7E00F14C56 /* Products */,
				19B3A4FA2B6A8DD000F14C56 /* README.md */,
			);
			sourceTree = "<group>";
		};
		19B3A4A62B6A8D7E00F14C56 /* BabyTrip */ = {
			isa = PBXGroup;
			children = (
				19B3A4A72B6A8D7E00F14C56 /* App */,
				19B3A4A82B6A8D7E00F14C56 /* Views */,
				19B3A4C92B6A8D8B00F14C56 /* Info.plist */,
			);
			path = BabyTrip;
			sourceTree = "<group>";
		};
		19B3A4A72B6A8D7E00F14C56 /* App */ = {
			isa = PBXGroup;
			children = (
				19B3A4C42B6A8D8A00F14C56 /* BabyTripApp.swift */,
				19B3A4C62B6A8D8B00F14C56 /* SceneDelegate.swift */,
			);
			path = BabyTrip/App;
			sourceTree = "<group>";
		};
		19B3A4A82B6A8D7E00F14C56 /* Views */ = {
			isa = PBXGroup;
			children = (
				19B3A4D22B6A8DA000F14C56 /* ContentView.swift */,
				19B3A4D02B6A8D9D00F14C56 /* HomeView.swift */,
				19B3A4D42B6A8DA200F14C56 /* SettingsView.swift */,
				19B3A4D62B6A8DA400F14C56 /* SetupProfileView.swift */,
			);
			path = BabyTrip/Views;
			sourceTree = "<group>";
		};
		19B3A4AA2B6A8D7E00F14C56 /* BabyTripWatch */ = {
			isa = PBXGroup;
			children = (
				19B3A4E02B6A8DB400F14C56 /* BabyTripWatchApp.swift */,
				19B3A4AB2B6A8D7E00F14C56 /* Views */,
				19B3A4E52B6A8DB600F14C56 /* Info.plist */,
			);
			path = BabyTripWatch;
			sourceTree = "<group>";
		};
		19B3A4AC2B6A8D7E00F14C56 /* Views */ = {
			isa = PBXGroup;
			children = (
				19B3A4E22B6A8DB600F14C56 /* ContentView.swift */,
			);
			path = BabyTripWatch/Views;
			sourceTree = "<group>";
		};
		19B3A4AB2B6A8D7E00F14C56 /* BabyTripShared */ = {
			isa = PBXGroup;
			children = (
				19B3A4AC2B6A8D7E00F14C56 /* RiskEvaluation */,
				19B3A4AE2B6A8D7E00F14C56 /* Location */,
				19B3A4B02B6A8D7E00F14C56 /* Network */,
				19B3A4B22B6A8D7E00F14C56 /* Storage */,
			);
			path = BabyTripShared;
			sourceTree = "<group>";
		};
		19B3A4AC2B6A8D7E00F14C56 /* RiskEvaluation */ = {
			isa = PBXGroup;
			children = (
				19B3A4F02B6A8DC800F14C56 /* BabyProfile.swift */,
				19B3A4F22B6A8DCA00F14C56 /* EvaluationResult.swift */,
				19B3A4EC2B6A8DC400F14C56 /* RiskEvaluator.swift */,
				19B3A4EE2B6A8DC600F14C56 /* WeatherData.swift */,
			);
			path = BabyTripShared/RiskEvaluation;
			sourceTree = "<group>";
		};
		19B3A4AE2B6A8D7E00F14C56 /* Location */ = {
			isa = PBXGroup;
			children = (
				19B3A4F42B6A8DCC00F14C56 /* LocationManager.swift */,
			);
			path = BabyTripShared/Location;
			sourceTree = "<group>";
		};
		19B3A4B02B6A8D7E00F14C56 /* Network */ = {
			isa = PBXGroup;
			children = (
				19B3A4F62B6A8DCE00F14C56 /* WeatherAPIClient.swift */,
			);
			path = BabyTripShared/Network;
			sourceTree = "<group>";
		};
		19B3A4B22B6A8D7E00F14C56 /* Storage */ = {
			isa = PBXGroup;
			children = (
				19B3A4F82B6A8DD000F14C56 /* UserSettings.swift */,
			);
			path = BabyTripShared/Storage;
			sourceTree = "<group>";
		};
		19B3A4AD2B6A8D7E00F14C56 /* Products */ = {
			isa = PBXGroup;
			children = (
				19B3A4AF2B6A8D7E00F14C56 /* BabyTrip.app */,
				19B3A4B02B6A8D7E00F14C56 /* BabyTripWatch.app */,
				19B3A4B12B6A8D7E00F14C56 /* BabyTripShared.framework */,
			);
			name = Products;
			sourceTree = "<group>";
		};
/* End PBXGroup section */

/* Begin PBXNativeTarget section */
		19B3A4BD2B6A8D7E00F14C56 /* BabyTrip */ = {
			isa = PBXNativeTarget;
			buildConfigurationList = 19B3A50B2B6A8DD200F14C56 /* Build configuration list for PBXNativeTarget "BabyTrip" */;
			buildPhases = (
				19B3A4B42B6A8D7E00F14C56 /* Sources */,
				19B3A4B72B6A8D7E00F14C56 /* Frameworks */,
				19B3A4BA2B6A8D7E00F14C56 /* Resources */,
			);
			buildRules = (
			);
			dependencies = (
				19B3A4BF2B6A8D7E00F14C56 /* PBXTargetDependency */,
			);
			name = BabyTrip;
			productName = BabyTrip;
			productReference = 19B3A4AF2B6A8D7E00F14C56 /* BabyTrip.app */;
			productType = com.apple.product-type.application;
		};
		19B3A4C22B6A8D7E00F14C56 /* BabyTripWatch */ = {
			isa = PBXNativeTarget;
			buildConfigurationList = 19B3A5102B6A8DD200F14C56 /* Build configuration list for PBXNativeTarget "BabyTripWatch" */;
			buildPhases = (
				19B3A4B92B6A8D7E00F14C56 /* Sources */,
				19B3A4C12B6A8D7E00F14C56 /* Frameworks */,
				19B3A4BE2B6A8D7E00F14C56 /* Resources */,
			);
			buildRules = (
			);
			dependencies = (
				19B3A4C32B6A8D8200F14C56 /* PBXTargetDependency */,
			);
			name = BabyTripWatch;
			productName = BabyTripWatch;
			productReference = 19B3A4B02B6A8D7E00F14C56 /* BabyTripWatch.app */;
			productType = "com.apple.product-type.application.watchapp";
		};
		19B3A4CC2B6A8DC000F14C56 /* BabyTripShared */ = {
			isa = PBXNativeTarget;
			buildConfigurationList = 19B3A5172B6A8DD400F14C56 /* Build configuration list for PBXNativeTarget "BabyTripShared" */;
			buildPhases = (
				19B3A4CE2B6A8DC000F14C56 /* Sources */,
				19B3A4CB2B6A8DC000F14C56 /* Frameworks */,
			);
			buildRules = (
			);
			dependencies = (
			);
			name = BabyTripShared;
			productName = BabyTripShared;
			productReference = 19B3A4B12B6A8D7E00F14C56 /* BabyTripShared.framework */;
			productType = com.apple.product-type.framework;
		};
/* End PBXNativeTarget section */

/* Begin PBXProject section */
		19B3A4B22B6A8D7E00F14C56 /* BabyTrip.xcodeproj */ = {
			isa = PBXProject;
			attributes = {
				LastUpgradeCheck = 1500;
				ORGANIZATIONNAME = BabyTrip;
				TargetAttributes = {
					19B3A4BD2B6A8D7E00F14C56 = {
						CreatedOnToolsVersion = 15.0;
						DevelopmentTeam = "";
					};
					19B3A4C22B6A8D7E00F14C56 = {
						CreatedOnToolsVersion = 15.0;
						DevelopmentTeam = "";
					};
					19B3A4CC2B6A8DC000F14C56 = {
						CreatedOnToolsVersion = 15.0;
						DevelopmentTeam = "";
					};
				};
			};
			buildConfigurationList = 19B3A5002B6A8DD000F14C56 /* Build configuration list for PBXProject "BabyTrip" */;
			closeAfterAddingPackages = 1;
			compatibilityVersion = "Xcode 14.0 compatible";
			developmentRegion = en;
			hasScannedForEncodings = 0;
			knownRegions = (
				en,
				Base.lproj,
			);
			mainGroup = 19B3A4A52B6A8D7E00F14C56;
			productRefGroup = 19B3A4AD2B6A8D7E00F14C56 /* Products */;
			projectDirPath = "";
			projectRoot = "";
			targets = (
				19B3A4BD2B6A8D7E00F14C56 /* BabyTrip */,
				19B3A4C22B6A8D7E00F14C56 /* BabyTripWatch */,
				19B3A4CC2B6A8DC000F14C56 /* BabyTripShared */,
			);
		};
/* End PBXProject section */

/* Begin PBXResourcesBuildPhase section */
		19B3A4BA2B6A8D7E00F14C56 /* Resources */ = {
			isa = PBXResourcesBuildPhase;
			buildActionMask = 2147483647;
			files = (
				19B3A4C82B6A8D8B00F14C56 /* Info.plist in Resources */,
			);
			runOnlyForDeploymentPostprocessing = 0;
		};
		19B3A4BE2B6A8D7E00F14C56 /* Resources */ = {
			isa = PBXResourcesBuildPhase;
			buildActionMask = 2147483647;
			files = (
				19B3A4E42B6A8DB600F14C56 /* Info.plist in Resources */,
			);
			runOnlyForDeploymentPostprocessing = 0;
		};
/* End PBXResourcesBuildPhase section */

/* Begin PBXSourcesBuildPhase section */
		19B3A4B42B6A8D7E00F14C56 /* Sources */ = {
			isa = PBXSourcesBuildPhase;
			buildActionMask = 2147483647;
			files = (
				19B3A4C52B6A8D8A00F14C56 /* BabyTripApp.swift in Sources */,
				19B3A4C72B6A8D8B00F14C56 /* SceneDelegate.swift in Sources */,
				19B3A4D12B6A8D9D00F14C56 /* HomeView.swift in Sources */,
				19B3A4D32B6A8DA000F14C56 /* ContentView.swift in Sources */,
				19B3A4D52B6A8DA200F14C56 /* SettingsView.swift in Sources */,
				19B3A4D72B6A8DA400F14C56 /* SetupProfileView.swift in Sources */,
			);
			runOnlyForDeploymentPostprocessing = 0;
		};
		19B3A4B92B6A8D7E00F14C56 /* Sources */ = {
			isa = PBXSourcesBuildPhase;
			buildActionMask = 2147483647;
			files = (
				19B3A4E12B6A8DB400F14C56 /* BabyTripWatchApp.swift in Sources */,
				19B3A4E32B6A8DB600F14C56 /* ContentView.swift in Sources */,
			);
			runOnlyForDeploymentPostprocessing = 0;
		};
		19B3A4CE2B6A8DC000F14C56 /* Sources */ = {
			isa = PBXSourcesBuildPhase;
			buildActionMask = 2147483647;
			files = (
				19B3A4ED2B6A8DC400F14C56 /* RiskEvaluator.swift in Sources */,
				19B3A4EF2B6A8DC600F14C56 /* WeatherData.swift in Sources */,
				19B3A4F12B6A8DC800F14C56 /* BabyProfile.swift in Sources */,
				19B3A4F32B6A8DCA00F14C56 /* EvaluationResult.swift in Sources */,
				19B3A4F52B6A8DCC00F14C56 /* LocationManager.swift in Sources */,
				19B3A4F72B6A8DCE00F14C56 /* WeatherAPIClient.swift in Sources */,
				19B3A4F92B6A8DD000F14C56 /* UserSettings.swift in Sources */,
			);
			runOnlyForDeploymentPostprocessing = 0;
		};
/* End PBXSourcesBuildPhase section */

/* Begin PBXTargetDependency section */
		19B3A4BF2B6A8D7E00F14C56 = {
			isa = PBXTargetDependency;
			target = 19B3A4CC2B6A8DC000F14C56 /* BabyTripShared */;
		};
		19B3A4C32B6A8D8200F14C56 = {
			isa = PBXTargetDependency;
			target = 19B3A4CC2B6A8DC000F14C56 /* BabyTripShared */;
		};
/* End PBXTargetDependency section */

/* Begin XCBuildConfiguration section */
		19B3A5022B6A8DD000F14C56 /* Debug */ = {
			isa = XCBuildConfiguration;
			buildSettings = {
				ALWAYS_SEARCH_USER_PATHS = NO;
				CLANG_ANALYZER_NONNULL = YES;
				CLANG_ANALYZER_NUMBER_OBJECTIFICATION_COMPILATION = YES;
				CLANG_CXX_LANGUAGE_STANDARD = "c++17";
				CLANG_ENABLE_MODULES = YES;
				CLANG_ENABLE_OBJC_ARC = YES;
				CLANG_WARN_BLOCK_CAPTURE_AUTORELEASING = YES;
				CLANG_WARN_BOOL_CONVERSION = YES;
				CLANG_WARN_COMMA = YES;
				CLANG_WARN_CONSTANT_CONVERSION = YES;
				CLANG_WARN_DEPRECATED_OBJC_IMPLEMENTATIONS = YES;
				CLANG_WARN_EMPTY_BODY = YES;
				CLANG_WARN_ENUM_CONVERSION = YES;
				CLANG_WARN_INFINITE_RECURSION = YES;
				CLANG_WARN_INT_CONVERSION = YES;
				CLANG_WARN_NON_LITERAL_NULL_CONVERSION = YES;
				CLANG_WARN_OBJC_IMPLICIT_RETAIN_SELF = YES;
				CLANG_WARN_OBJC_LITERAL_CONVERSION = YES;
				CLANG_WARN_RANGE_LOOP_AUTOCOMPLETION = YES;
				CLANG_WARN_STRICT_PROTOTYPES = YES;
				CLANG_WARN_SUSPICIOUS_MOVE = YES;
				CLANG_WARN_UNREACHABLE_CODE = YES;
				CLANG_WARN__DUPLICATE_METHOD_MATCH = YES;
				COPY_PHASE_STRIP = NO;
				DEBUG_INFORMATION_FORMAT = dwarf;
				ENABLE_STRICT_OBJC_MSGSEND = YES;
				ENABLE_TESTABILITY = YES;
				GCC_C_LANGUAGE_STANDARD = gnu11;
				GCC_DYNAMIC_NO_PIC = NO;
				INFOPLIST_FILE = BabyTrip/Info.plist;
				IPHONEOS_DEPLOYMENT_TARGET = 17.0;
				MACH_O_TYPE = mh_execute;
				MTL_ENABLE_DEBUG_INFO = INCLUDE_SOURCE;
				ONLY_ACTIVE_ARCH = YES;
				PRODUCT_BUNDLE_IDENTIFIER = com.babytrip.BabyTrip;
				PRODUCT_NAME = "$(TARGET_NAME)";
				SDKROOT = iphoneos;
				SWIFT_VERSION = 5.0;
				VERSIONING_SYSTEM = "apple-generic";
			};
			name = Debug;
		};
		19B3A5032B6A8DD000F14C56 /* Release */ = {
			isa = XCBuildConfiguration;
			buildSettings = {
				ALWAYS_SEARCH_USER_PATHS = NO;
				CLANG_ANALYZER_NONNULL = YES;
				CLANG_ANALYZER_NUMBER_OBJECTIFICATION_COMPILATION = YES;
				CLANG_CXX_LANGUAGE_STANDARD = "c++17";
				CLANG_ENABLE_MODULES = YES;
				CLANG_ENABLE_OBJC_ARC = YES;
				CLANG_WARN_BLOCK_CAPTURE_AUTORELEASING = YES;
				CLANG_WARN_BOOL_CONVERSION = YES;
				CLANG_WARN_COMMA = YES;
				CLANG_WARN_CONSTANT_CONVERSION = YES;
				CLANG_WARN_DEPRECATED_OBJC_IMPLEMENTATIONS = YES;
				CLANG_WARN_EMPTY_BODY = YES;
				CLANG_WARN_ENUM_CONVERSION = YES;
				CLANG_WARN_INFINITE_RECURSION = YES;
				CLANG_WARN_INT_CONVERSION = YES;
				CLANG_WARN_NON_LITERAL_NULL_CONVERSION = YES;
				CLANG_WARN_OBJC_IMPLICIT_RETAIN_SELF = YES;
				CLANG_WARN_OBJC_LITERAL_CONVERSION = YES;
				CLANG_WARN_RANGE_LOOP_AUTOCOMPLETION = YES;
				CLANG_WARN_STRICT_PROTOTYPES = YES;
				CLANG_WARN_SUSPICIOUS_MOVE = YES;
				CLANG_WARN_UNREACHABLE_CODE = YES;
				CLANG_WARN__DUPLICATE_METHOD_MATCH = YES;
				COPY_PHASE_STRIP = YES;
				DEBUG_INFORMATION_FORMAT = "dwarf-with-dsym";
				ENABLE_NS_ASSERTIONS = NO;
				ENABLE_STRICT_OBJC_MSGSEND = YES;
				GCC_C_LANGUAGE_STANDARD = gnu11;
				INFOPLIST_FILE = BabyTrip/Info.plist;
				IPHONEOS_DEPLOYMENT_TARGET = 17.0;
				MACH_O_TYPE = mh_execute;
				MTL_ENABLE_DEBUG_INFO = NO;
				PRODUCT_BUNDLE_IDENTIFIER = com.babytrip.BabyTrip;
				PRODUCT_NAME = "$(TARGET_NAME)";
				SDKROOT = iphoneos;
				SWIFT_VERSION = 5.0;
				VERSIONING_SYSTEM = "apple-generic";
			};
			name = Release;
		};
		19B3A5082B6A8DD200F14C56 /* Debug */ = {
			isa = XCBuildConfiguration;
			buildSettings = {
				ALWAYS_SEARCH_USER_PATHS = NO;
				CLANG_ANALYZER_NONNULL = YES;
				CLANG_ANALYZER_NUMBER_OBJECTIFICATION_COMPILATION = YES;
				CLANG_CXX_LANGUAGE_STANDARD = "c++17";
				CLANG_ENABLE_MODULES = YES;
				CLANG_ENABLE_OBJC_ARC = YES;
				CLANG_WARN_BLOCK_CAPTURE_AUTORELEASING = YES;
				CLANG_WARN_BOOL_CONVERSION = YES;
				CLANG_WARN_COMMA = YES;
				CLANG_WARN_CONSTANT_CONVERSION = YES;
				CLANG_WARN_DEPRECATED_OBJC_IMPLEMENTATIONS = YES;
				CLANG_WARN_EMPTY_BODY = YES;
				CLANG_WARN_ENUM_CONVERSION = YES;
				CLANG_WARN_INFINITE_RECURSION = YES;
				CLANG_WARN_INT_CONVERSION = YES;
				CLANG_WARN_NON_LITERAL_NULL_CONVERSION = YES;
				CLANG_WARN_OBJC_IMPLICIT_RETAIN_SELF = YES;
				CLANG_WARN_OBJC_LITERAL_CONVERSION = YES;
				CLANG_WARN_RANGE_LOOP_AUTOCOMPLETION = YES;
				CLANG_WARN_STRICT_PROTOTYPES = YES;
				CLANG_WARN_SUSPICIOUS_MOVE = YES;
				CLANG_WARN_UNREACHABLE_CODE = YES;
				CLANG_WARN__DUPLICATE_METHOD_MATCH = YES;
				COPY_PHASE_STRIP = NO;
				DEBUG_INFORMATION_FORMAT = dwarf;
				DEFINED_MODULES_STABLE_NAME = YES;
				DEFINES_MODULE = YES;
				ENABLE_STRICT_OBJC_MSGSEND = YES;
				ENABLE_TESTABILITY = YES;
				GCC_C_LANGUAGE_STANDARD = gnu11;
				GCC_DYNAMIC_NO_PIC = NO;
				INSTALL_PATH = "$(LOCAL_KERNEL)";
				IPHONEOS_DEPLOYMENT_TARGET = 17.0;
				MACH_O_TYPE = staticlib;
				PRODUCT_BUNDLE_IDENTIFIER = com.babytrip.BabyTrip.BabyTripShared;
				PRODUCT_NAME = "$(TARGET_NAME)";
				SDKROOT = iphoneos;
				SWIFT_VERSION = 5.0;
				TARGET_NAME = BabyTripShared;
				VERSIONING_SYSTEM = "apple-generic";
				WATCHOS_DEPLOYMENT_TARGET = 10.0;
			};
			name = Debug;
		};
		19B3A5092B6A8DD200F14C56 /* Release */ = {
			isa = XCBuildConfiguration;
			buildSettings = {
				ALWAYS_SEARCH_USER_PATHS = NO;
				CLANG_ANALYZER_NONNULL = YES;
				CLANG_ANALYZER_NUMBER_OBJECTIFICATION_COMPILATION = YES;
				CLANG_CXX_LANGUAGE_STANDARD = "c++17";
				CLANG_ENABLE_MODULES = YES;
				CLANG_ENABLE_OBJC_ARC = YES;
				CLANG_WARN_BLOCK_CAPTURE_AUTORELEasdfgasing = YES;
				CLANG_WARN_BOOL_CONVERSION = YES;
				CLANG_WARN_COMma = YES;
				CLANG_WARN_CONSTANT_CONVERSION = YES;
				CLANG_WARN_DEPRECATED_OBJC_IMPLEMENTATIONS = YES;
				CLANG_WARN_EMPTY_BODY = YES;
				CLANG_WARN_ENUM_CONVERSION = YES;
				CLANG_WARN_INFINITE_RECURSION = YES;
				CLANG_WARN_INT_CONVERSION = YES;
				CLANG_WARN_NON_LITERAL_NULL_CONVERSION = YES;
				CLANG_WARN_OBJC_IMPLICIT_RETAIN_SELF = YES;
				CLANG_WARN_OBJC_LITERAL_CONVERSION = YES;
				CLANG_WARN_RANGE_LOOP_AUTOCOMPLETION = YES;
				CLANG_WARN_STRICT_PROTOTYPES = YES;
				CLANG_WARN_SUSPICIOUS_MOVE = YES;
				CLANG_WARN_UNREACHABLE_CODE = YES;
				CLANG_WARN__DUPLICATE_METHOD_MATCH = YES;
				COPY_PHASE_STRIP = YES;
				DEBUG_INFORMATION_FORMAT = "dwarf-with-dsym";
				DEFINED_MODULES_STABLE_NAME = YES;
				DEFINES_MODULE = YES;
				ENABLE_NS_ASSERTIONS = NO;
				ENABLE_STRICT_OBJC_MSGSEND = YES;
				GCC_C_LANGUAGE_STANDARD = gnu11;
				GCC_DYNAMIC_NO_PIC = NO;
				INSTALL_PATH = "$(LOCAL_KERNEL)";
				IPHONEOS_DEPLOYMENT_TARGET = 17.0;
				MACH_O_TYPE = staticlib;
				PRODUCT_BUNDLE_IDENTIFIER = com.babytrip.BabyTrip.BabyTripShared;
				PRODUCT_NAME = "$(TARGET_NAME)";
				SDKROOT = iphoneos;
				SWIFT_VERSION = 5.0;
				VERSIONING_SYSTEM = "apple-generic";
				WATCHOS_DEPLOYMENT_TARGET = 10.0;
			};
			name = Release;
		};
		19B3A50C2B6A8DD200F14C56 /* Debug */ = {
			isa = XCBuildConfiguration;
			buildSettings = {
				ALWAYS_SEARCH_USER_PATHS = NO;
				CLANG_ANALYZER_NONNULL = YES;
				CLANG_ANALYZER_NUMBER_OBJECTIFICATION_COMPILATION = YES;
				CLANG_CXX_LANGUAGE_STANDARD = "c++17";
				CLANG_ENABLE_MODULES = YES;
				CLANG_ENABLE_OBJC_ARC = YES;
				CLANG_WARN_BLOCK_CAPTURE_AUTORELEASING = YES;
				CLANG_WARN_BOOL_CONVERSION = YES;
				CLANG_WARN_COMMA = YES;
				CLANG_WARN_CONSTANT_CONVERSION = YES;
				CLANG_WARN_DEPRECATED_OBJC_IMPLEMENTATIONS = YES;
				CLANG_WARN_EMPTY_BODY = YES;
				CLANG_WARN_ENUM_CONVERSION = YES;
				CLANG_WARN_INFINITE_RECURSION = YES;
				CLANG_WARN_INT_CONVERSION = YES;
				CLANG_WARN_NON_LITERAL_NULL_CONVERSION = YES;
				CLANG_WARN_OBJC_IMPLICIT_RETAIN_SELF = YES;
				CLANG_WARN_OBJC_LITERAL_CONVERSION = YES;
				CLANG_WARN_RANGE_LOOP_AUTOCOMPLETION = YES;
				CLANG_WARN_STRICT_PROTOTYPES = YES;
				CLANG_WARN_SUSPICIOUS_MOVE = YES;
				CLANG_WARN_UNREACHABLE_CODE = YES;
				CLANG_WARN__DUPLICATE_METHOD_MATCH = YES;
				COPY_PHASE_STRIP = NO;
				DEBUG_INFORMATION_FORMAT = dwarf;
				ENABLE_STRICT_OBJC_MSGSEND = YES;
				ENABLE_TESTABILITY = YES;
				GCC_C_LANGUAGE_STANDARD = gnu11;
				GCC_DYNAMIC_NO_PIC = NO;
				INFOPLIST_FILE = BabyTrip/Info.plist;
				IPHONEOS_DEPLOYMENT_TARGET = 17.0;
				MACH_O_TYPE = mh_execute;
				MTL_ENABLE_DEBUG_INFO = INCLUDE_SOURCE;
				ONLY_ACTIVE_ARCH = YES;
				PRODUCT_BUNDLE_IDENTIFIER = com.babytrip.BabyTrip;
				PRODUCT_NAME = "$(TARGET_NAME)";
				SDKROOT = iphoneos;
				SWIFT_VERSION = 5.0;
				VERSIONING_SYSTEM = "apple-generic";
			};
			name = Debug;
		};
		19B3A50D2B6A8DD200F14C56 /* Release */ = {
			isa = XCBuildConfiguration;
			buildSettings = {
				ALWAYS_SEARCH_USER_PATHS = NO;
				CLANG_ANALYZER_NONNULL = YES;
				CLANG_ANALYZER_NUMBER_OBJECTIFICATION_COMPILATION = YES;
				CLANG_CXX_LANGUAGE_STANDARD = "c++17";
				CLANG_ENABLE_MODULES = YES;
				CLANG_ENABLE_OBJC_ARC = YES;
				CLANG_WARN_BLOCK_CAPTURE_AUTORELEasing = YES;
				CLANG_WARN_BOOL_CONVERSION = YES;
				CLANG_WARN_COMma = YES;
				CLANG_WARN_CONSTANT_CONVERSION = YES;
				CLANG_WARN_DEPRECATED_OBJC_IMPLEMENTATIONS = YES;
				CLANG_WARN_EMPTY_BODY = YES;
				CLANG_WARN_ENUM_CONVERSION = YES;
				CLANG_WARN_INFINITE_RECURSION = YES;
				CLANG_WARN_INT_CONVERSION = YES;
				CLANG_WARN_NON_LITERAL_NULL_CONVERSION = YES;
				CLANG_WARN_OBJC_IMPLICIT_RETAIN_SELF = YES;
				CLANG_WARN_OBJC_LITERAL_CONversion = YES;
				CLANG_WARN_RANGE_LOOP_AUTOCOMPletion = YES;
				CLANG_WARN_STRICT_PROTOTYPES = YES;
				CLANG_WARN_SUSPICIOUS_MOVE = YES;
				CLANG_WARN_UNREACHABLE_CODE = YES;
				CLANG_WARN__DUPLICATE_METHOD_MATCH = YES;
				COPY_PHASE_STRIP = YES;
				DEBUG_INFORMATION_FORMAT = "dwarf-with-dsym";
				ENABLE_NS_ASSERTIONS = NO;
				ENABLE_STRICT_OBJC_MSGSend = YES;
				GCC_C_LANGUAGE_STANDARD = gnu11;
				INFOPLIST_FILE = BabyTrip/Info.plist;
				IPHONEOS_DEPLOYMENT_TARGET = 17.0;
				MACH_O_TYPE = mh_execute;
				MTL_ENABLE_DEBUG_INFO = NO;
				PRODUCT_BUNDLE_IDENTIFIER = com.babytrip.BabyTrip;
				PRODUCT_NAME = "$(TARGET_NAME)";
				SDKROOT = iphoneos;
				SWIFT_VERSION = 5.0;
				VERSIONING_SYSTEM = "apple-generic";
			};
			name = Release;
		};
		19B3A5112B6A8DD200F14C56 /* Debug */ = {
			isa = XCBuildConfiguration;
			buildSettings = {
				ALWAYS_SEARCH_USER_PATHS = NO;
				CLANG_ANALYZER_NONNULL = YES;
				CLANG_ANALYZER_NUMBER_OBJECTIFICATION_COMPILATION = YES;
				CLANG_CXX_LANGUAGE_STANDARD = "c++17";
				CLANG_ENABLE_MODULES = YES;
				CLANG_ENABLE_OBJC_ARC = YES;
				CLANG_WARN_BLOCK_CAPTURE_AUTORELEasing = YES;
				CLANG_WARN_BOOL_CONversion = YES;
				CLANG_WARN_COMma = YES;
				CLANG_WARN_CONSTANT_CONversion = YES;
				CLANG_WARN_DEPRECATED_OBJC_IMplementations = YES;
				CLANG_WARN_EMPTY_BODY = YES;
				CLANG_WARN_ENUM_CONversion = YES;
				CLANG_WARN_INFINITE_RECURSION = YES;
				CLANG_WARN_INT_CONversion = YES;
				CLANG_WARN_NON_LITERAL_NULL_CONversion = YES;
				CLANG_WARN_OBJC_IMplicit_REtain_SElf = YES;
				CLANG_WARN_OBJC_LITERAL_CONversion = YES;
				CLANG_WARN_RANGE_LOOP_AUTOCOMPletion = YES;
				CLANG_WARN_STRICT_PROTOTYPES = YES;
				CLANG_WARN_SUSPICIOUS_MOVE = YES;
				CLANG_WARN_UNREACHABLE_CODE = YES;
				CLANG_WARN__DUPLICATE_METHOD_MATCH = YES;
				COPY_PHASE_STRIP = NO;
				DEBUG_INFORMATION_FORMAT = dwarf;
				ENABLE_STRICT_OBJC_MSGSEND = YES;
				ENABLE_TESTABILITY = YES;
				GCC_C_LANGUAGE_STANDARD = gnu11;
				GCC_DYNAMIC_NO_PIC = NO;
				INFOPLIST_FILE = BabyTripWatch/Info.plist;
				KNOWLEDGE_BUNDLE_CREATION_TARGET_NAME = "";
				MACH_O_TYPE = mh_execute;
				MTL_ENABLE_DEBUG_INFO = INCLUDE_SOURCE;
				ONLY_ACTIVE_ARCH = YES;
				PRODUCT_BUNDLE_IDENTIFIER = com.babytrip.BabyTrip.BabyTripWatch;
				PRODUCT_NAME = "$(TARGET_NAME)";
				SDKROOT = watchos;
				SWIFT_VERSION = 5.0;
				VERSIONING_SYSTEM = "apple-generic";
				WATCHOS_DEPLOYMENT_TARGET = 10.0;
			};
			name = Debug;
		};
		19B3A5122B6A8DD200F14C56 /* Release */ = {
			isa = XCBuildConfiguration;
			buildSettings = {
				ALWAYS_SEARCH_USER_PATHS = NO;
				CLANG_ANALYZER_NONNULL = YES;
				CLANG_ANALYZER_NUMBER_OBJECTIFICATION_COMPILATION = YES;
				CLANG_CXX_LANGUAGE_STANDARD = "c++17";
				CLANG_ENABLE_MODULES = YES;
				CLANG_ENABLE_OBJC_ARC = YES;
				CLANG_WARN_BLOCK_CAPTURE_AUTORELEASING = YES;
				CLANG_WARN_BOOL_CONVERSION = YES;
				CLANG_WARN_COMMA = YES;
				CLANG_WARN_CONSTANT_CONVERSION = YES;
				CLANG_WARN_DEPRECATED_OBJC_IMPLEMENTATIONS = YES;
				CLANG_WARN_EMPTY_BODY = YES;
				CLANG_WARN_ENUM_CONVERSION = YES;
				CLANG_WARN_INFINITE_RECURSION = YES;
				CLANG_WARN_INT_CONVERSION = YES;
				CLANG_WARN_NON_LITERAL_NULL_CONVERSION = YES;
				CLANG_WARN_OBJC_IMPLICIT_RETAIN_SELF = YES;
				CLANG_WARN_OBJC_LITERAL_CONVERSION = YES;
				CLANG_WARN_RANGE_LOOP_AUTOCOMPLETION = YES;
				CLANG_WARN_STRICT_PROTOTYPES = YES;
				CLANG_WARN_SUSPICIOUS_MOVE = YES;
				CLANG_WARN_UNREACHABLE_CODE = YES;
				CLANG_WARN__DUPLICATE_METHOD_MATCH = YES;
				COPY_PHASE_STRIP = YES;
				DEBUG_INFORMATION_FORMAT = "dwarf-with-dsym";
				ENABLE_NS_ASSERTIONS = NO;
				ENABLE_STRICT_OBJC_MSGSEND = YES;
				GCC_C_LANGUAGE_STANDARD = gnu11;
				INFOPLIST_FILE = BabyTripWatch/Info.plist;
				MACH_O_TYPE = mh_execute;
				MTL_ENABLE_DEBUG_INFO = NO;
				PRODUCT_BUNDLE_IDENTIFIER = com.babytrip.BabyTrip.BabyTripWatch;
				PRODUCT_NAME = "$(TARGET_NAME)";
				SDKROOT = watchos;
				SWIFT_VERSION = 5.0;
				VERSIONING_SYSTEM = "apple-generic";
				WATCHOS_DEPLOYMENT_TARGET = 10.0;
			};
			name = Release;
		};
		19B3A5182B6A8DD400F14C56 /* Debug */ = {
			isa = XCBuildConfiguration;
			buildSettings = {
				ALWAYS_SEARCH_USER_PATHS = NO;
				CLANG_ANALYZER_NONNULL = YES;
				CLANG_ANALYZER_NUMBER_OBJECTIFICATION_COMPILATION = YES;
				CLANG_CXX_LANGUAGE_STANDARD = "c++17";
				CLANG_ENABLE_MODULES = YES;
				CLANG_ENABLE_OBJC_ARC = YES;
				CLANG_WARN_BLOCK_CAPTURE_AUTORELEASING = YES;
				CLANG_WARN_BOOL_CONVERSION = YES;
				CLANG_WARN_COMMA = YES;
				CLANG_WARN_CONSTANT_CONVERSION = YES;
				CLANG_WARN_DEPRECATED_OBJC_IMPLEMENTATIONS = YES;
				CLANG_WARN_EMPTY_BODY = YES;
				CLANG_WARN_ENUM_CONVERSION = YES;
				CLANG_WARN_INFINITE_RECURSION = YES;
				CLANG_WARN_INT_CONVERSION = YES;
				CLANG_WARN_NON_LITERAL_NULL_CONVERSION = YES;
				CLANG_WARN_OBJC_IMPLICIT_RETAIN_SELF = YES;
				CLANG_WARN_OBJC_LITERAL_CONVERSION = YES;
				CLANG_WARN_RANGE_LOOP_AUTOCOMPLETION = YES;
				CLANG_WARN_STRICT_PROTOTYPES = YES;
				CLANG_WARN_SUSPICIOUS_MOVE = YES;
				CLANG_WARN_UNREACHABLE_CODE = YES;
				CLANG_WARN__DUPLICATE_METHOD_MATCH = YES;
				COPY_PHASE_STRIP = NO;
				DEBUG_INFORMATION_FORMAT = dwarf;
				DEFINED_MODULES_STABLE_NAME = YES;
				DEFINES_MODULE = YES;
				ENABLE_STRICT_OBJC_MSGSEND = YES;
				ENABLE_TESTABILITY = YES;
				GCC_C_LANGUAGE_STANDARD = gnu11;
				GCC_DYNAMIC_NO_PIC = NO;
				INSTALL_PATH = "$(LOCAL_KERNEL)";
				IPHONEOS_DEPLOYMENT_TARGET = 17.0;
				MACH_O_TYPE = staticlib;
				PRODUCT_BUNDLE_IDENTIFIER = com.babytrip.BabyTrip.BabyTripShared;
				PRODUCT_NAME = "$(TARGET_NAME)";
				SDKROOT = iphoneos;
				SWIFT_VERSION = 5.0;
				VERSIONING_SYSTEM = "apple-generic";
				WATCHOS_DEPLOYMENT_TARGET = 10.0;
			};
			name = Debug;
		};
		19B3A5192B6A8DD400F14C56 /* Release */ = {
			isa = XCBuildConfiguration;
			buildSettings = {
				ALWAYS_SEARCH_USER_PATHS = NO;
				CLANG_ANALYZER_NONNULL = YES;
				CLANG_ANALYZER_NUMBER_OBJECTIFICATION_COMPILATION = YES;
				CLANG_CXX_LANGUAGE_STANDARD = "c++17";
				CLANG_ENABLE_MODULES = YES;
				CLANG_ENABLE_OBJC_ARC = YES;
				CLANG_WARN_BLOCK_CAPTURE_AUTORELEASING = YES;
				CLANG_WARN_BOOL_CONVERSION = YES;
				CLANG_WARN_COMMA = YES;
				CLANG_WARN_CONSTANT_CONVERSION = YES;
				CLANG_WARN_DEPRECATED_OBJC_IMPLEMENTATIONS = YES;
				CLANG_WARN_EMPTY_BODY = YES;
				CLANG_WARN_ENUM_CONVERSION = YES;
				CLANG_WARN_INFINITE_RECURSION = YES;
				CLANG_WARN_INT_CONVERSION = YES;
				CLANG_WARN_NON_LITERAL_NULL_CONVERSION = YES;
				CLANG_WARN_OBJC_IMPLICIT_RETAIN_SELF = YES;
				CLANG_WARN_OBJC_LITERAL_CONVERSION = YES;
				CLANG_WARN_RANGE_LOOP_AUTOCOMPLETION = YES;
				CLANG_WARN_STRict_prototypes = YES;
				CLANG_WARN_suspicious_MOVE = YES;
				CLANG_WARN_unreachable_code = YES;
				CLANG_WARN__DUPLICATE_METHOD_MATCH = YES;
				COPY_PHASE_STRIP = YES;
				DEBUG_INFORmation_format = "dwarf-with-dsym";
				DEFINED_MODULES_stable_NAME = YES;
				DEFINES_MODULE = YES;
				ENABLE_NS_ASSERTIONS = NO;
				ENABLE_STRICT_OBJC_MSGSEND = YES;
				GCC_C_LANGUAGE_STANDARD = gnu11;
				INSTALL_PATH = "$(LOCAL_KERNEL)";
				IPHONEOS_DEPLOYMENT_TARGET = 17.0;
				MACH_O_TYPE = staticlib;
				PRODUCT_BUNDLE_IDENTIFIER = com.babytrip.BabyTrip.BabyTripShared;
				PRODUCT_NAME = "$(TARGET_NAME)";
				SDKROOT = iphoneos;
				SWIFT_VERSION = 5.0;
				VERSIONING_SYSTEM = "apple-generic";
				WATCHOS_DEPLOYMENT_TARGET = 10.0;
			};
			name = Release;
		};
/* End XCBuildConfiguration section */

/* Begin XCBuildConfigurationList section */
		19B3A5002B6A8DD000F14C56 /* Build configuration list for PBXProject "BabyTrip" */ = {
			isa = XCBuildConfigurationList;
			buildConfigurations = (
				19B3A5022B6A8DD000F14C56 /* Debug */,
				19B3A5032B6A8DD000F14C56 /* Release */,
			);
			defaultConfigurationIsVisible = 0;
		};
		19B3A50B2B6A8DD200F14C56 /* Build configuration list for PBXNativeTarget "BabyTrip" */ = {
			isa = XCBuildConfigurationList;
			buildConfigurations = (
				19B3A50C2B6A8DD200F14C56 /* Debug */,
				19B3A50D2B6A8DD200F14C56 /* Release */,
			);
			defaultConfigurationIsVisible = 0;
		};
		19B3A5102B6A8DD200F14C56 /* Build configuration list for PBXNativeTarget "BabyTripWatch" */ = {
			isa = XCBuildConfigurationList;
			buildConfigurations = (
				19B3A5112B6A8DD200F14C56 /* Debug */,
				19B3A5122B6A8DD200F14C56 /* Release */,
			);
			defaultConfigurationIsVisible = 0;
		};
		19B3A5172B6A8DD400F14C56 /* Build configuration list for PBXNativeTarget "BabyTripShared" */ = {
			isa = XCBuildConfigurationList;
			buildConfigurations = (
				19B3A5182B6A8DD400F14C56 /* Debug */,
				19B3A5192B6A8DD400F14C56 /* Release */,
			);
			defaultConfigurationIsVisible = 0;
		};
/* End XCBuildConfigurationList section */
	};
	rootObject = 19B3A4B22B6A8D7E00F14C56 /* BabyTrip.xcodeproj */;
}
